
Microsoft Visual Studio Solution File, Format Version 12.00
# Visual Studio Version 17
VisualStudioVersion = 17.8.34330.188
MinimumVisualStudioVersion = 10.0.40219.1
Project("{9A19103F-16F7-4668-BE54-9A1E7A4F7556}") = "HTMLParser.Console", "HTMLParser.Console\HTMLParser.Console.csproj", "{2A088507-9934-4C64-A05D-96CBE6968D12}"
EndProject
Project("{9A19103F-16F7-4668-BE54-9A1E7A4F7556}") = "HTMLParser.AI", "HTMLParser.AI\HTMLParser.AI.csproj", "{64DD50B4-11E5-4CA3-9580-B83C1D40F1F3}"
EndProject
Project("{9A19103F-16F7-4668-BE54-9A1E7A4F7556}") = "HTMLParser.Library", "HTMLParser.Library\HTMLParser.Library.csproj", "{3A094F1B-B6F3-4CCC-A327-08D3347C8384}"
EndProject
Project("{9A19103F-16F7-4668-BE54-9A1E7A4F7556}") = "HTMLParser.Models", "HTMLParser.Models\HTMLParser.Models.csproj", "{41AFF457-4CF3-4CB7-952C-EE1AC3434C25}"
EndProject
Global
	GlobalSection(SolutionConfigurationPlatforms) = preSolution
		Debug|Any CPU = Debug|Any CPU
		Release|Any CPU = Release|Any CPU
	EndGlobalSection
	GlobalSection(ProjectConfigurationPlatforms) = postSolution
		{2A088507-9934-4C64-A05D-96CBE6968D12}.Debug|Any CPU.ActiveCfg = Debug|Any CPU
		{2A088507-9934-4C64-A05D-96CBE6968D12}.Debug|Any CPU.Build.0 = Debug|Any CPU
		{2A088507-9934-4C64-A05D-96CBE6968D12}.Release|Any CPU.ActiveCfg = Release|Any CPU
		{2A088507-9934-4C64-A05D-96CBE6968D12}.Release|Any CPU.Build.0 = Release|Any CPU
		{64DD50B4-11E5-4CA3-9580-B83C1D40F1F3}.Debug|Any CPU.ActiveCfg = Debug|Any CPU
		{64DD50B4-11E5-4CA3-9580-B83C1D40F1F3}.Debug|Any CPU.Build.0 = Debug|Any CPU
		{64DD50B4-11E5-4CA3-9580-B83C1D40F1F3}.Release|Any CPU.ActiveCfg = Release|Any CPU
		{64DD50B4-11E5-4CA3-9580-B83C1D40F1F3}.Release|Any CPU.Build.0 = Release|Any CPU
		{3A094F1B-B6F3-4CCC-A327-08D3347C8384}.Debug|Any CPU.ActiveCfg = Debug|Any CPU
		{3A094F1B-B6F3-4CCC-A327-08D3347C8384}.Debug|Any CPU.Build.0 = Debug|Any CPU
		{3A094F1B-B6F3-4CCC-A327-08D3347C8384}.Release|Any CPU.ActiveCfg = Release|Any CPU
		{3A094F1B-B6F3-4CCC-A327-08D3347C8384}.Release|Any CPU.Build.0 = Release|Any CPU
		{41AFF457-4CF3-4CB7-952C-EE1AC3434C25}.Debug|Any CPU.ActiveCfg = Debug|Any CPU
		{41AFF457-4CF3-4CB7-952C-EE1AC3434C25}.Debug|Any CPU.Build.0 = Debug|Any CPU
		{41AFF457-4CF3-4CB7-952C-EE1AC3434C25}.Release|Any CPU.ActiveCfg = Release|Any CPU
		{41AFF457-4CF3-4CB7-952C-EE1AC3434C25}.Release|Any CPU.Build.0 = Release|Any CPU
	EndGlobalSection
	GlobalSection(SolutionProperties) = preSolution
		HideSolutionNode = FALSE
	EndGlobalSection
	GlobalSection(ExtensibilityGlobals) = postSolution
		SolutionGuid = {E4235061-3564-4D9B-AD06-AE43F056759A}
	EndGlobalSection
EndGlobal
